
Microsoft Visual Studio Solution File, Format Version 12.00
# Visual Studio Version 16
VisualStudioVersion = 16.0.30611.23
MinimumVisualStudioVersion = 10.0.40219.1
Project("{8BC9CEB8-8B4A-11D0-8D11-00A0C91BC942}") = "3D Modelling of Lunar Surfaces", "3D Modelling of Lunar Surfaces\3D Modelling of Lunar Surfaces.vcxproj", "{D414CAA7-6B0A-45AC-BE29-99DFFE4C8A49}"
EndProject
Project("{8BC9CEB8-8B4A-11D0-8D11-00A0C91BC942}") = "2DToPointCloud", "2DToPointCloud\2DToPointCloud.vcxproj", "{B8C4B7AD-E984-4ACF-8524-50FB68CABB80}"
EndProject
Project("{8BC9CEB8-8B4A-11D0-8D11-00A0C91BC942}") = "Calibrate Camera and Stereo", "Calibrate Camera and Stereo\Calibrate Camera and Stereo.vcxproj", "{446034CE-E747-4E9C-866B-900947E18FB3}"
EndProject
Global
	GlobalSection(SolutionConfigurationPlatforms) = preSolution
		Debug with Parameters|x64 = Debug with Parameters|x64
		Debug with Parameters|x86 = Debug with Parameters|x86
		Debug|x64 = Debug|x64
		Debug|x86 = Debug|x86
		Parameterized|x64 = Parameterized|x64
		Parameterized|x86 = Parameterized|x86
		Release|x64 = Release|x64
		Release|x86 = Release|x86
	EndGlobalSection
	GlobalSection(ProjectConfigurationPlatforms) = postSolution
		{D414CAA7-6B0A-45AC-BE29-99DFFE4C8A49}.Debug with Parameters|x64.ActiveCfg = Debug|x64
		{D414CAA7-6B0A-45AC-BE29-99DFFE4C8A49}.Debug with Parameters|x64.Build.0 = Debug|x64
		{D414CAA7-6B0A-45AC-BE29-99DFFE4C8A49}.Debug with Parameters|x86.ActiveCfg = Debug|Win32
		{D414CAA7-6B0A-45AC-BE29-99DFFE4C8A49}.Debug|x64.ActiveCfg = Debug|x64
		{D414CAA7-6B0A-45AC-BE29-99DFFE4C8A49}.Debug|x64.Build.0 = Debug|x64
		{D414CAA7-6B0A-45AC-BE29-99DFFE4C8A49}.Debug|x86.ActiveCfg = Debug|Win32
		{D414CAA7-6B0A-45AC-BE29-99DFFE4C8A49}.Debug|x86.Build.0 = Debug|Win32
		{D414CAA7-6B0A-45AC-BE29-99DFFE4C8A49}.Parameterized|x64.ActiveCfg = Debug|x64
		{D414CAA7-6B0A-45AC-BE29-99DFFE4C8A49}.Parameterized|x64.Build.0 = Debug|x64
		{D414CAA7-6B0A-45AC-BE29-99DFFE4C8A49}.Parameterized|x86.ActiveCfg = Parameterized|Win32
		{D414CAA7-6B0A-45AC-BE29-99DFFE4C8A49}.Parameterized|x86.Build.0 = Parameterized|Win32
		{D414CAA7-6B0A-45AC-BE29-99DFFE4C8A49}.Release|x64.ActiveCfg = Release|x64
		{D414CAA7-6B0A-45AC-BE29-99DFFE4C8A49}.Release|x64.Build.0 = Release|x64
		{D414CAA7-6B0A-45AC-BE29-99DFFE4C8A49}.Release|x86.ActiveCfg = Release|Win32
		{D414CAA7-6B0A-45AC-BE29-99DFFE4C8A49}.Release|x86.Build.0 = Release|Win32
		{B8C4B7AD-E984-4ACF-8524-50FB68CABB80}.Debug with Parameters|x64.ActiveCfg = Debug|x64
		{B8C4B7AD-E984-4ACF-8524-50FB68CABB80}.Debug with Parameters|x64.Build.0 = Debug|x64
		{B8C4B7AD-E984-4ACF-8524-50FB68CABB80}.Debug with Parameters|x86.ActiveCfg = Debug|Win32
		{B8C4B7AD-E984-4ACF-8524-50FB68CABB80}.Debug with Parameters|x86.Build.0 = Debug|Win32
		{B8C4B7AD-E984-4ACF-8524-50FB68CABB80}.Debug|x64.ActiveCfg = Debug|x64
		{B8C4B7AD-E984-4ACF-8524-50FB68CABB80}.Debug|x64.Build.0 = Debug|x64
		{B8C4B7AD-E984-4ACF-8524-50FB68CABB80}.Debug|x86.ActiveCfg = Debug|Win32
		{B8C4B7AD-E984-4ACF-8524-50FB68CABB80}.Debug|x86.Build.0 = Debug|Win32
		{B8C4B7AD-E984-4ACF-8524-50FB68CABB80}.Parameterized|x64.ActiveCfg = Release|x64
		{B8C4B7AD-E984-4ACF-8524-50FB68CABB80}.Parameterized|x64.Build.0 = Release|x64
		{B8C4B7AD-E984-4ACF-8524-50FB68CABB80}.Parameterized|x86.ActiveCfg = Release|Win32
		{B8C4B7AD-E984-4ACF-8524-50FB68CABB80}.Parameterized|x86.Build.0 = Release|Win32
		{B8C4B7AD-E984-4ACF-8524-50FB68CABB80}.Release|x64.ActiveCfg = Release|x64
		{B8C4B7AD-E984-4ACF-8524-50FB68CABB80}.Release|x64.Build.0 = Release|x64
		{B8C4B7AD-E984-4ACF-8524-50FB68CABB80}.Release|x86.ActiveCfg = Release|Win32
		{B8C4B7AD-E984-4ACF-8524-50FB68CABB80}.Release|x86.Build.0 = Release|Win32
		{446034CE-E747-4E9C-866B-900947E18FB3}.Debug with Parameters|x64.ActiveCfg = Debug|x64
		{446034CE-E747-4E9C-866B-900947E18FB3}.Debug with Parameters|x64.Build.0 = Debug|x64
		{446034CE-E747-4E9C-866B-900947E18FB3}.Debug with Parameters|x86.ActiveCfg = Debug|Win32
		{446034CE-E747-4E9C-866B-900947E18FB3}.Debug with Parameters|x86.Build.0 = Debug|Win32
		{446034CE-E747-4E9C-866B-900947E18FB3}.Debug|x64.ActiveCfg = Debug|x64
		{446034CE-E747-4E9C-866B-900947E18FB3}.Debug|x64.Build.0 = Debug|x64
		{446034CE-E747-4E9C-866B-900947E18FB3}.Debug|x86.ActiveCfg = Debug|Win32
		{446034CE-E747-4E9C-866B-900947E18FB3}.Debug|x86.Build.0 = Debug|Win32
		{446034CE-E747-4E9C-866B-900947E18FB3}.Parameterized|x64.ActiveCfg = Release|x64
		{446034CE-E747-4E9C-866B-900947E18FB3}.Parameterized|x64.Build.0 = Release|x64
		{446034CE-E747-4E9C-866B-900947E18FB3}.Parameterized|x86.ActiveCfg = Release|Win32
		{446034CE-E747-4E9C-866B-900947E18FB3}.Parameterized|x86.Build.0 = Release|Win32
		{446034CE-E747-4E9C-866B-900947E18FB3}.Release|x64.ActiveCfg = Release|x64
		{446034CE-E747-4E9C-866B-900947E18FB3}.Release|x64.Build.0 = Release|x64
		{446034CE-E747-4E9C-866B-900947E18FB3}.Release|x86.ActiveCfg = Release|Win32
		{446034CE-E747-4E9C-866B-900947E18FB3}.Release|x86.Build.0 = Release|Win32
	EndGlobalSection
	GlobalSection(SolutionProperties) = preSolution
		HideSolutionNode = FALSE
	EndGlobalSection
	GlobalSection(ExtensibilityGlobals) = postSolution
		SolutionGuid = {4E64B062-A88F-4192-A446-998277F3A953}
	EndGlobalSection
EndGlobal
